
Microsoft Visual Studio Solution File, Format Version 12.00
# Visual Studio Version 17
VisualStudioVersion = 17.7.34221.43
MinimumVisualStudioVersion = 10.0.40219.1
Project("{FAE04EC0-301F-11D3-BF4B-00C04F79EFBC}") = "HackathonDemo.API", "HackathonDemo.API\HackathonDemo.API.csproj", "{E74402FC-1741-4BFE-BBA5-050BD5A03FE3}"
EndProject
Global
	GlobalSection(SolutionConfigurationPlatforms) = preSolution
		Debug|Any CPU = Debug|Any CPU
		Release|Any CPU = Release|Any CPU
	EndGlobalSection
	GlobalSection(ProjectConfigurationPlatforms) = postSolution
		{E74402FC-1741-4BFE-BBA5-050BD5A03FE3}.Debug|Any CPU.ActiveCfg = Debug|Any CPU
		{E74402FC-1741-4BFE-BBA5-050BD5A03FE3}.Debug|Any CPU.Build.0 = Debug|Any CPU
		{E74402FC-1741-4BFE-BBA5-050BD5A03FE3}.Release|Any CPU.ActiveCfg = Release|Any CPU
		{E74402FC-1741-4BFE-BBA5-050BD5A03FE3}.Release|Any CPU.Build.0 = Release|Any CPU
	EndGlobalSection
	GlobalSection(SolutionProperties) = preSolution
		HideSolutionNode = FALSE
	EndGlobalSection
	GlobalSection(ExtensibilityGlobals) = postSolution
		SolutionGuid = {4D1B3548-61E5-4423-B891-F760E08FBBE6}
	EndGlobalSection
EndGlobal
